
Microsoft Visual Studio Solution File, Format Version 12.00
# Visual Studio Version 16
VisualStudioVersion = 16.0.30611.23
MinimumVisualStudioVersion = 10.0.40219.1
Project("{FAE04EC0-301F-11D3-BF4B-00C04F79EFBC}") = "Collectiondatabinding", "Collectiondatabinding\Collectiondatabinding.csproj", "{7B84A916-7B35-43A7-AFA0-00DE0A523909}"
EndProject
Global
	GlobalSection(SolutionConfigurationPlatforms) = preSolution
		Debug|Any CPU = Debug|Any CPU
		Release|Any CPU = Release|Any CPU
	EndGlobalSection
	GlobalSection(ProjectConfigurationPlatforms) = postSolution
		{7B84A916-7B35-43A7-AFA0-00DE0A523909}.Debug|Any CPU.ActiveCfg = Debug|Any CPU
		{7B84A916-7B35-43A7-AFA0-00DE0A523909}.Debug|Any CPU.Build.0 = Debug|Any CPU
		{7B84A916-7B35-43A7-AFA0-00DE0A523909}.Release|Any CPU.ActiveCfg = Release|Any CPU
		{7B84A916-7B35-43A7-AFA0-00DE0A523909}.Release|Any CPU.Build.0 = Release|Any CPU
	EndGlobalSection
	GlobalSection(SolutionProperties) = preSolution
		HideSolutionNode = FALSE
	EndGlobalSection
	GlobalSection(ExtensibilityGlobals) = postSolution
		SolutionGuid = {AF46AD35-49E7-463F-A08A-3CAEB79FC85E}
	EndGlobalSection
EndGlobal
